// !$*UTF8*$!
{
	archiveVersion = 1;
	classes = {
	};
	objectVersion = 56;
	objects = {

/* Begin PBXBuildFile section */
		D65FD7042AE825B00089522C /* CinenaSwiftuiApp.swift in Sources */ = {isa = PBXBuildFile; fileRef = D65FD7032AE825B00089522C /* CinenaSwiftuiApp.swift */; };
		D65FD7062AE825B00089522C /* ContentView.swift in Sources */ = {isa = PBXBuildFile; fileRef = D65FD7052AE825B00089522C /* ContentView.swift */; };
		D65FD7082AE825B20089522C /* Assets.xcassets in Resources */ = {isa = PBXBuildFile; fileRef = D65FD7072AE825B20089522C /* Assets.xcassets */; };
		D65FD70B2AE825B20089522C /* Preview Assets.xcassets in Resources */ = {isa = PBXBuildFile; fileRef = D65FD70A2AE825B20089522C /* Preview Assets.xcassets */; };
		D67A284B2B38B45B00635A44 /* UIApplication.swift in Sources */ = {isa = PBXBuildFile; fileRef = D67A284A2B38B45B00635A44 /* UIApplication.swift */; };
		D67A284D2B38B4F800635A44 /* Optional.swift in Sources */ = {isa = PBXBuildFile; fileRef = D67A284C2B38B4F800635A44 /* Optional.swift */; };
		D67A284F2B38B5AB00635A44 /* String.swift in Sources */ = {isa = PBXBuildFile; fileRef = D67A284E2B38B5AB00635A44 /* String.swift */; };
		D67A28532B38D4E500635A44 /* HomeView.swift in Sources */ = {isa = PBXBuildFile; fileRef = D67A28522B38D4E500635A44 /* HomeView.swift */; };
		D67A28562B38D57300635A44 /* SearchBarView.swift in Sources */ = {isa = PBXBuildFile; fileRef = D67A28552B38D57300635A44 /* SearchBarView.swift */; };
		D67A28582B38D83200635A44 /* Color.swift in Sources */ = {isa = PBXBuildFile; fileRef = D67A28572B38D83200635A44 /* Color.swift */; };
		D67A285C2B38E36200635A44 /* Constants.swift in Sources */ = {isa = PBXBuildFile; fileRef = D67A285B2B38E36200635A44 /* Constants.swift */; };
		D67A28612B38ED4600635A44 /* MovieModel.swift in Sources */ = {isa = PBXBuildFile; fileRef = D67A28602B38ED4600635A44 /* MovieModel.swift */; };
		D67A28632B38F36200635A44 /* MovieCard.swift in Sources */ = {isa = PBXBuildFile; fileRef = D67A28622B38F36100635A44 /* MovieCard.swift */; };
		D67A28652B38F63300635A44 /* PreviewProvider.swift in Sources */ = {isa = PBXBuildFile; fileRef = D67A28642B38F63300635A44 /* PreviewProvider.swift */; };
		D67A28672B38FAD800635A44 /* CustomImageView.swift in Sources */ = {isa = PBXBuildFile; fileRef = D67A28662B38FAD800635A44 /* CustomImageView.swift */; };
		D67A28692B38FE3B00635A44 /* MovieCardType.swift in Sources */ = {isa = PBXBuildFile; fileRef = D67A28682B38FE3B00635A44 /* MovieCardType.swift */; };
		D67A286B2B38FF3700635A44 /* View.swift in Sources */ = {isa = PBXBuildFile; fileRef = D67A286A2B38FF3700635A44 /* View.swift */; };
		D67A286D2B39560400635A44 /* Endpoint.swift in Sources */ = {isa = PBXBuildFile; fileRef = D67A286C2B39560400635A44 /* Endpoint.swift */; };
		D67A286F2B3957DD00635A44 /* ApiConstructor.swift in Sources */ = {isa = PBXBuildFile; fileRef = D67A286E2B3957DD00635A44 /* ApiConstructor.swift */; };
		D67A28712B39586300635A44 /* DefaultUrlBuilder.swift in Sources */ = {isa = PBXBuildFile; fileRef = D67A28702B39586300635A44 /* DefaultUrlBuilder.swift */; };
		D67A28732B395E9500635A44 /* MovieService.swift in Sources */ = {isa = PBXBuildFile; fileRef = D67A28722B395E9500635A44 /* MovieService.swift */; };
		D67A28752B39603000635A44 /* HomeViewModel.swift in Sources */ = {isa = PBXBuildFile; fileRef = D67A28742B39603000635A44 /* HomeViewModel.swift */; };
		D683024A2B3B0EE6000D5407 /* Review.swift in Sources */ = {isa = PBXBuildFile; fileRef = D68302492B3B0EE5000D5407 /* Review.swift */; };
		D683024C2B3B1255000D5407 /* ReviewCard.swift in Sources */ = {isa = PBXBuildFile; fileRef = D683024B2B3B1255000D5407 /* ReviewCard.swift */; };
		D683025A2B3B4396000D5407 /* SimilarCard.swift in Sources */ = {isa = PBXBuildFile; fileRef = D68302592B3B4396000D5407 /* SimilarCard.swift */; };
		D6975C8E2B3AA61F00EC1348 /* Genre.swift in Sources */ = {isa = PBXBuildFile; fileRef = D6975C8D2B3AA61E00EC1348 /* Genre.swift */; };
		D6975C902B3AA7A400EC1348 /* GenreCard.swift in Sources */ = {isa = PBXBuildFile; fileRef = D6975C8F2B3AA7A400EC1348 /* GenreCard.swift */; };
		D6975C952B3AB6B700EC1348 /* DetailView.swift in Sources */ = {isa = PBXBuildFile; fileRef = D6975C942B3AB6B700EC1348 /* DetailView.swift */; };
		D6975C972B3AB6F200EC1348 /* DetailViewModel.swift in Sources */ = {isa = PBXBuildFile; fileRef = D6975C962B3AB6F200EC1348 /* DetailViewModel.swift */; };
		D6975C9D2B3ACBB600EC1348 /* DetailSectionCard.swift in Sources */ = {isa = PBXBuildFile; fileRef = D6975C9C2B3ACBB600EC1348 /* DetailSectionCard.swift */; };
/* End PBXBuildFile section */

/* Begin PBXFileReference section */
		D65FD7002AE825B00089522C /* CinenaSwiftui.app */ = {isa = PBXFileReference; explicitFileType = wrapper.application; includeInIndex = 0; path = CinenaSwiftui.app; sourceTree = BUILT_PRODUCTS_DIR; };
		D65FD7032AE825B00089522C /* CinenaSwiftuiApp.swift */ = {isa = PBXFileReference; lastKnownFileType = sourcecode.swift; path = CinenaSwiftuiApp.swift; sourceTree = "<group>"; };
		D65FD7052AE825B00089522C /* ContentView.swift */ = {isa = PBXFileReference; lastKnownFileType = sourcecode.swift; path = ContentView.swift; sourceTree = "<group>"; };
		D65FD7072AE825B20089522C /* Assets.xcassets */ = {isa = PBXFileReference; lastKnownFileType = folder.assetcatalog; path = Assets.xcassets; sourceTree = "<group>"; };
		D65FD70A2AE825B20089522C /* Preview Assets.xcassets */ = {isa = PBXFileReference; lastKnownFileType = folder.assetcatalog; path = "Preview Assets.xcassets"; sourceTree = "<group>"; };
		D67A284A2B38B45B00635A44 /* UIApplication.swift */ = {isa = PBXFileReference; lastKnownFileType = sourcecode.swift; path = UIApplication.swift; sourceTree = "<group>"; };
		D67A284C2B38B4F800635A44 /* Optional.swift */ = {isa = PBXFileReference; lastKnownFileType = sourcecode.swift; path = Optional.swift; sourceTree = "<group>"; };
		D67A284E2B38B5AB00635A44 /* String.swift */ = {isa = PBXFileReference; lastKnownFileType = sourcecode.swift; path = String.swift; sourceTree = "<group>"; };
		D67A28522B38D4E500635A44 /* HomeView.swift */ = {isa = PBXFileReference; lastKnownFileType = sourcecode.swift; path = HomeView.swift; sourceTree = "<group>"; };
		D67A28552B38D57300635A44 /* SearchBarView.swift */ = {isa = PBXFileReference; lastKnownFileType = sourcecode.swift; path = SearchBarView.swift; sourceTree = "<group>"; };
		D67A28572B38D83200635A44 /* Color.swift */ = {isa = PBXFileReference; lastKnownFileType = sourcecode.swift; path = Color.swift; sourceTree = "<group>"; };
		D67A285B2B38E36200635A44 /* Constants.swift */ = {isa = PBXFileReference; lastKnownFileType = sourcecode.swift; path = Constants.swift; sourceTree = "<group>"; };
		D67A28602B38ED4600635A44 /* MovieModel.swift */ = {isa = PBXFileReference; lastKnownFileType = sourcecode.swift; path = MovieModel.swift; sourceTree = "<group>"; };
		D67A28622B38F36100635A44 /* MovieCard.swift */ = {isa = PBXFileReference; lastKnownFileType = sourcecode.swift; path = MovieCard.swift; sourceTree = "<group>"; };
		D67A28642B38F63300635A44 /* PreviewProvider.swift */ = {isa = PBXFileReference; lastKnownFileType = sourcecode.swift; path = PreviewProvider.swift; sourceTree = "<group>"; };
		D67A28662B38FAD800635A44 /* CustomImageView.swift */ = {isa = PBXFileReference; lastKnownFileType = sourcecode.swift; path = CustomImageView.swift; sourceTree = "<group>"; };
		D67A28682B38FE3B00635A44 /* MovieCardType.swift */ = {isa = PBXFileReference; lastKnownFileType = sourcecode.swift; path = MovieCardType.swift; sourceTree = "<group>"; };
		D67A286A2B38FF3700635A44 /* View.swift */ = {isa = PBXFileReference; lastKnownFileType = sourcecode.swift; path = View.swift; sourceTree = "<group>"; };
		D67A286C2B39560400635A44 /* Endpoint.swift */ = {isa = PBXFileReference; lastKnownFileType = sourcecode.swift; path = Endpoint.swift; sourceTree = "<group>"; };
		D67A286E2B3957DD00635A44 /* ApiConstructor.swift */ = {isa = PBXFileReference; lastKnownFileType = sourcecode.swift; path = ApiConstructor.swift; sourceTree = "<group>"; };
		D67A28702B39586300635A44 /* DefaultUrlBuilder.swift */ = {isa = PBXFileReference; lastKnownFileType = sourcecode.swift; path = DefaultUrlBuilder.swift; sourceTree = "<group>"; };
		D67A28722B395E9500635A44 /* MovieService.swift */ = {isa = PBXFileReference; lastKnownFileType = sourcecode.swift; path = MovieService.swift; sourceTree = "<group>"; };
		D67A28742B39603000635A44 /* HomeViewModel.swift */ = {isa = PBXFileReference; lastKnownFileType = sourcecode.swift; path = HomeViewModel.swift; sourceTree = "<group>"; };
		D68302492B3B0EE5000D5407 /* Review.swift */ = {isa = PBXFileReference; lastKnownFileType = sourcecode.swift; path = Review.swift; sourceTree = "<group>"; };
		D683024B2B3B1255000D5407 /* ReviewCard.swift */ = {isa = PBXFileReference; lastKnownFileType = sourcecode.swift; path = ReviewCard.swift; sourceTree = "<group>"; };
		D68302592B3B4396000D5407 /* SimilarCard.swift */ = {isa = PBXFileReference; lastKnownFileType = sourcecode.swift; path = SimilarCard.swift; sourceTree = "<group>"; };
		D6975C8D2B3AA61E00EC1348 /* Genre.swift */ = {isa = PBXFileReference; lastKnownFileType = sourcecode.swift; path = Genre.swift; sourceTree = "<group>"; };
		D6975C8F2B3AA7A400EC1348 /* GenreCard.swift */ = {isa = PBXFileReference; lastKnownFileType = sourcecode.swift; path = GenreCard.swift; sourceTree = "<group>"; };
		D6975C942B3AB6B700EC1348 /* DetailView.swift */ = {isa = PBXFileReference; lastKnownFileType = sourcecode.swift; path = DetailView.swift; sourceTree = "<group>"; };
		D6975C962B3AB6F200EC1348 /* DetailViewModel.swift */ = {isa = PBXFileReference; lastKnownFileType = sourcecode.swift; path = DetailViewModel.swift; sourceTree = "<group>"; };
		D6975C9C2B3ACBB600EC1348 /* DetailSectionCard.swift */ = {isa = PBXFileReference; lastKnownFileType = sourcecode.swift; path = DetailSectionCard.swift; sourceTree = "<group>"; };
/* End PBXFileReference section */

/* Begin PBXFrameworksBuildPhase section */
		D65FD6FD2AE825B00089522C /* Frameworks */ = {
			isa = PBXFrameworksBuildPhase;
			buildActionMask = 2147483647;
			files = (
			);
			runOnlyForDeploymentPostprocessing = 0;
		};
/* End PBXFrameworksBuildPhase section */

/* Begin PBXGroup section */
		D65FD6F72AE825B00089522C = {
			isa = PBXGroup;
			children = (
				D65FD7022AE825B00089522C /* CinenaSwiftui */,
				D65FD7012AE825B00089522C /* Products */,
			);
			sourceTree = "<group>";
		};
		D65FD7012AE825B00089522C /* Products */ = {
			isa = PBXGroup;
			children = (
				D65FD7002AE825B00089522C /* CinenaSwiftui.app */,
			);
			name = Products;
			sourceTree = "<group>";
		};
		D65FD7022AE825B00089522C /* CinenaSwiftui */ = {
			isa = PBXGroup;
			children = (
				D65FD7032AE825B00089522C /* CinenaSwiftuiApp.swift */,
				D65FD7052AE825B00089522C /* ContentView.swift */,
				D67A28422B385A8200635A44 /* Core */,
				D65FD7072AE825B20089522C /* Assets.xcassets */,
				D65FD7092AE825B20089522C /* Preview Content */,
			);
			path = CinenaSwiftui;
			sourceTree = "<group>";
		};
		D65FD7092AE825B20089522C /* Preview Content */ = {
			isa = PBXGroup;
			children = (
				D65FD70A2AE825B20089522C /* Preview Assets.xcassets */,
			);
			path = "Preview Content";
			sourceTree = "<group>";
		};
		D67A28422B385A8200635A44 /* Core */ = {
			isa = PBXGroup;
			children = (
				D6975C912B3AB35C00EC1348 /* Base */,
				D67A28512B38D4D300635A44 /* Home */,
				D6975C932B3AB5A300EC1348 /* Detail */,
			);
			path = Core;
			sourceTree = "<group>";
		};
		D67A28492B38B42700635A44 /* Extensions */ = {
			isa = PBXGroup;
			children = (
				D67A284A2B38B45B00635A44 /* UIApplication.swift */,
				D67A284C2B38B4F800635A44 /* Optional.swift */,
				D67A284E2B38B5AB00635A44 /* String.swift */,
				D67A28572B38D83200635A44 /* Color.swift */,
				D67A28642B38F63300635A44 /* PreviewProvider.swift */,
				D67A286A2B38FF3700635A44 /* View.swift */,
			);
			path = Extensions;
			sourceTree = "<group>";
		};
		D67A28502B38D3B400635A44 /* Networking */ = {
			isa = PBXGroup;
			children = (
				D67A286C2B39560400635A44 /* Endpoint.swift */,
				D67A286E2B3957DD00635A44 /* ApiConstructor.swift */,
				D67A28702B39586300635A44 /* DefaultUrlBuilder.swift */,
				D67A28722B395E9500635A44 /* MovieService.swift */,
			);
			path = Networking;
			sourceTree = "<group>";
		};
		D67A28512B38D4D300635A44 /* Home */ = {
			isa = PBXGroup;
			children = (
				D67A285E2B38ECE200635A44 /* ViewModel */,
				D67A285D2B38ECD900635A44 /* View */,
				D67A285F2B38ED1100635A44 /* Model */,
			);
			path = Home;
			sourceTree = "<group>";
		};
		D67A285A2B38E34D00635A44 /* Utils */ = {
			isa = PBXGroup;
			children = (
				D67A285B2B38E36200635A44 /* Constants.swift */,
				D67A28682B38FE3B00635A44 /* MovieCardType.swift */,
			);
			path = Utils;
			sourceTree = "<group>";
		};
		D67A285D2B38ECD900635A44 /* View */ = {
			isa = PBXGroup;
			children = (
				D6975C922B3AB56600EC1348 /* Components */,
				D67A28522B38D4E500635A44 /* HomeView.swift */,
			);
			path = View;
			sourceTree = "<group>";
		};
		D67A285E2B38ECE200635A44 /* ViewModel */ = {
			isa = PBXGroup;
			children = (
				D67A28742B39603000635A44 /* HomeViewModel.swift */,
			);
			path = ViewModel;
			sourceTree = "<group>";
		};
		D67A285F2B38ED1100635A44 /* Model */ = {
			isa = PBXGroup;
			children = (
				D67A28602B38ED4600635A44 /* MovieModel.swift */,
				D6975C8D2B3AA61E00EC1348 /* Genre.swift */,
			);
			path = Model;
			sourceTree = "<group>";
		};
		D6975C912B3AB35C00EC1348 /* Base */ = {
			isa = PBXGroup;
			children = (
				D67A28492B38B42700635A44 /* Extensions */,
				D67A285A2B38E34D00635A44 /* Utils */,
				D67A28502B38D3B400635A44 /* Networking */,
			);
			path = Base;
			sourceTree = "<group>";
		};
		D6975C922B3AB56600EC1348 /* Components */ = {
			isa = PBXGroup;
			children = (
				D67A28552B38D57300635A44 /* SearchBarView.swift */,
				D6975C8F2B3AA7A400EC1348 /* GenreCard.swift */,
				D67A28662B38FAD800635A44 /* CustomImageView.swift */,
				D67A28622B38F36100635A44 /* MovieCard.swift */,
				D6975C9C2B3ACBB600EC1348 /* DetailSectionCard.swift */,
			);
			path = Components;
			sourceTree = "<group>";
		};
		D6975C932B3AB5A300EC1348 /* Detail */ = {
			isa = PBXGroup;
			children = (
				D6975C9A2B3AB81200EC1348 /* View */,
				D6975C992B3AB80600EC1348 /* ViewModel */,
				D6975C982B3AB7FF00EC1348 /* Model */,
			);
			path = Detail;
			sourceTree = "<group>";
		};
		D6975C982B3AB7FF00EC1348 /* Model */ = {
			isa = PBXGroup;
			children = (
				D68302492B3B0EE5000D5407 /* Review.swift */,
			);
			path = Model;
			sourceTree = "<group>";
		};
		D6975C992B3AB80600EC1348 /* ViewModel */ = {
			isa = PBXGroup;
			children = (
				D6975C962B3AB6F200EC1348 /* DetailViewModel.swift */,
			);
			path = ViewModel;
			sourceTree = "<group>";
		};
		D6975C9A2B3AB81200EC1348 /* View */ = {
			isa = PBXGroup;
			children = (
				D6975C9B2B3AB81F00EC1348 /* Components */,
				D6975C942B3AB6B700EC1348 /* DetailView.swift */,
			);
			path = View;
			sourceTree = "<group>";
		};
		D6975C9B2B3AB81F00EC1348 /* Components */ = {
			isa = PBXGroup;
			children = (
				D683024B2B3B1255000D5407 /* ReviewCard.swift */,
				D68302592B3B4396000D5407 /* SimilarCard.swift */,
			);
			path = Components;
			sourceTree = "<group>";
		};
/* End PBXGroup section */

/* Begin PBXNativeTarget section */
		D65FD6FF2AE825B00089522C /* CinenaSwiftui */ = {
			isa = PBXNativeTarget;
			buildConfigurationList = D65FD70E2AE825B20089522C /* Build configuration list for PBXNativeTarget "CinenaSwiftui" */;
			buildPhases = (
				D65FD6FC2AE825B00089522C /* Sources */,
				D65FD6FD2AE825B00089522C /* Frameworks */,
				D65FD6FE2AE825B00089522C /* Resources */,
			);
			buildRules = (
			);
			dependencies = (
			);
			name = CinenaSwiftui;
			productName = CinenaSwiftui;
			productReference = D65FD7002AE825B00089522C /* CinenaSwiftui.app */;
			productType = "com.apple.product-type.application";
		};
/* End PBXNativeTarget section */

/* Begin PBXProject section */
		D65FD6F82AE825B00089522C /* Project object */ = {
			isa = PBXProject;
			attributes = {
				BuildIndependentTargetsInParallel = 1;
				LastSwiftUpdateCheck = 1500;
				LastUpgradeCheck = 1500;
				TargetAttributes = {
					D65FD6FF2AE825B00089522C = {
						CreatedOnToolsVersion = 15.0;
					};
				};
			};
			buildConfigurationList = D65FD6FB2AE825B00089522C /* Build configuration list for PBXProject "CinenaSwiftui" */;
			compatibilityVersion = "Xcode 14.0";
			developmentRegion = en;
			hasScannedForEncodings = 0;
			knownRegions = (
				en,
				Base,
			);
			mainGroup = D65FD6F72AE825B00089522C;
			productRefGroup = D65FD7012AE825B00089522C /* Products */;
			projectDirPath = "";
			projectRoot = "";
			targets = (
				D65FD6FF2AE825B00089522C /* CinenaSwiftui */,
			);
		};
/* End PBXProject section */

/* Begin PBXResourcesBuildPhase section */
		D65FD6FE2AE825B00089522C /* Resources */ = {
			isa = PBXResourcesBuildPhase;
			buildActionMask = 2147483647;
			files = (
				D65FD70B2AE825B20089522C /* Preview Assets.xcassets in Resources */,
				D65FD7082AE825B20089522C /* Assets.xcassets in Resources */,
			);
			runOnlyForDeploymentPostprocessing = 0;
		};
/* End PBXResourcesBuildPhase section */

/* Begin PBXSourcesBuildPhase section */
		D65FD6FC2AE825B00089522C /* Sources */ = {
			isa = PBXSourcesBuildPhase;
			buildActionMask = 2147483647;
			files = (
				D67A28632B38F36200635A44 /* MovieCard.swift in Sources */,
				D67A28712B39586300635A44 /* DefaultUrlBuilder.swift in Sources */,
				D67A28652B38F63300635A44 /* PreviewProvider.swift in Sources */,
				D683024C2B3B1255000D5407 /* ReviewCard.swift in Sources */,
				D67A28752B39603000635A44 /* HomeViewModel.swift in Sources */,
				D67A286B2B38FF3700635A44 /* View.swift in Sources */,
				D67A28692B38FE3B00635A44 /* MovieCardType.swift in Sources */,
				D683025A2B3B4396000D5407 /* SimilarCard.swift in Sources */,
				D6975C8E2B3AA61F00EC1348 /* Genre.swift in Sources */,
				D6975C972B3AB6F200EC1348 /* DetailViewModel.swift in Sources */,
				D65FD7062AE825B00089522C /* ContentView.swift in Sources */,
				D67A284D2B38B4F800635A44 /* Optional.swift in Sources */,
				D67A28612B38ED4600635A44 /* MovieModel.swift in Sources */,
				D65FD7042AE825B00089522C /* CinenaSwiftuiApp.swift in Sources */,
				D6975C9D2B3ACBB600EC1348 /* DetailSectionCard.swift in Sources */,
				D6975C902B3AA7A400EC1348 /* GenreCard.swift in Sources */,
				D67A28562B38D57300635A44 /* SearchBarView.swift in Sources */,
				D67A28732B395E9500635A44 /* MovieService.swift in Sources */,
				D67A28532B38D4E500635A44 /* HomeView.swift in Sources */,
				D67A286D2B39560400635A44 /* Endpoint.swift in Sources */,
				D67A28582B38D83200635A44 /* Color.swift in Sources */,
				D6975C952B3AB6B700EC1348 /* DetailView.swift in Sources */,
				D67A284F2B38B5AB00635A44 /* String.swift in Sources */,
				D683024A2B3B0EE6000D5407 /* Review.swift in Sources */,
				D67A286F2B3957DD00635A44 /* ApiConstructor.swift in Sources */,
				D67A284B2B38B45B00635A44 /* UIApplication.swift in Sources */,
				D67A285C2B38E36200635A44 /* Constants.swift in Sources */,
				D67A28672B38FAD800635A44 /* CustomImageView.swift in Sources */,
			);
			runOnlyForDeploymentPostprocessing = 0;
		};
/* End PBXSourcesBuildPhase section */

/* Begin XCBuildConfiguration section */
		D65FD70C2AE825B20089522C /* Debug */ = {
			isa = XCBuildConfiguration;
			buildSettings = {
				ALWAYS_SEARCH_USER_PATHS = NO;
				ASSETCATALOG_COMPILER_GENERATE_SWIFT_ASSET_SYMBOL_EXTENSIONS = YES;
				CLANG_ANALYZER_NONNULL = YES;
				CLANG_ANALYZER_NUMBER_OBJECT_CONVERSION = YES_AGGRESSIVE;
				CLANG_CXX_LANGUAGE_STANDARD = "gnu++20";
				CLANG_ENABLE_MODULES = YES;
				CLANG_ENABLE_OBJC_ARC = YES;
				CLANG_ENABLE_OBJC_WEAK = YES;
				CLANG_WARN_BLOCK_CAPTURE_AUTORELEASING = YES;
				CLANG_WARN_BOOL_CONVERSION = YES;
				CLANG_WARN_COMMA = YES;
				CLANG_WARN_CONSTANT_CONVERSION = YES;
				CLANG_WARN_DEPRECATED_OBJC_IMPLEMENTATIONS = YES;
				CLANG_WARN_DIRECT_OBJC_ISA_USAGE = YES_ERROR;
				CLANG_WARN_DOCUMENTATION_COMMENTS = YES;
				CLANG_WARN_EMPTY_BODY = YES;
				CLANG_WARN_ENUM_CONVERSION = YES;
				CLANG_WARN_INFINITE_RECURSION = YES;
				CLANG_WARN_INT_CONVERSION = YES;
				CLANG_WARN_NON_LITERAL_NULL_CONVERSION = YES;
				CLANG_WARN_OBJC_IMPLICIT_RETAIN_SELF = YES;
				CLANG_WARN_OBJC_LITERAL_CONVERSION = YES;
				CLANG_WARN_OBJC_ROOT_CLASS = YES_ERROR;
				CLANG_WARN_QUOTED_INCLUDE_IN_FRAMEWORK_HEADER = YES;
				CLANG_WARN_RANGE_LOOP_ANALYSIS = YES;
				CLANG_WARN_STRICT_PROTOTYPES = YES;
				CLANG_WARN_SUSPICIOUS_MOVE = YES;
				CLANG_WARN_UNGUARDED_AVAILABILITY = YES_AGGRESSIVE;
				CLANG_WARN_UNREACHABLE_CODE = YES;
				CLANG_WARN__DUPLICATE_METHOD_MATCH = YES;
				COPY_PHASE_STRIP = NO;
				DEBUG_INFORMATION_FORMAT = dwarf;
				ENABLE_STRICT_OBJC_MSGSEND = YES;
				ENABLE_TESTABILITY = YES;
				ENABLE_USER_SCRIPT_SANDBOXING = YES;
				GCC_C_LANGUAGE_STANDARD = gnu17;
				GCC_DYNAMIC_NO_PIC = NO;
				GCC_NO_COMMON_BLOCKS = YES;
				GCC_OPTIMIZATION_LEVEL = 0;
				GCC_PREPROCESSOR_DEFINITIONS = (
					"DEBUG=1",
					"$(inherited)",
				);
				GCC_WARN_64_TO_32_BIT_CONVERSION = YES;
				GCC_WARN_ABOUT_RETURN_TYPE = YES_ERROR;
				GCC_WARN_UNDECLARED_SELECTOR = YES;
				GCC_WARN_UNINITIALIZED_AUTOS = YES_AGGRESSIVE;
				GCC_WARN_UNUSED_FUNCTION = YES;
				GCC_WARN_UNUSED_VARIABLE = YES;
				IPHONEOS_DEPLOYMENT_TARGET = 17.0;
				LOCALIZATION_PREFERS_STRING_CATALOGS = YES;
				MTL_ENABLE_DEBUG_INFO = INCLUDE_SOURCE;
				MTL_FAST_MATH = YES;
				ONLY_ACTIVE_ARCH = YES;
				SDKROOT = iphoneos;
				SWIFT_ACTIVE_COMPILATION_CONDITIONS = "DEBUG $(inherited)";
				SWIFT_OPTIMIZATION_LEVEL = "-Onone";
			};
			name = Debug;
		};
		D65FD70D2AE825B20089522C /* Release */ = {
			isa = XCBuildConfiguration;
			buildSettings = {
				ALWAYS_SEARCH_USER_PATHS = NO;
				ASSETCATALOG_COMPILER_GENERATE_SWIFT_ASSET_SYMBOL_EXTENSIONS = YES;
				CLANG_ANALYZER_NONNULL = YES;
				CLANG_ANALYZER_NUMBER_OBJECT_CONVERSION = YES_AGGRESSIVE;
				CLANG_CXX_LANGUAGE_STANDARD = "gnu++20";
				CLANG_ENABLE_MODULES = YES;
				CLANG_ENABLE_OBJC_ARC = YES;
				CLANG_ENABLE_OBJC_WEAK = YES;
				CLANG_WARN_BLOCK_CAPTURE_AUTORELEASING = YES;
				CLANG_WARN_BOOL_CONVERSION = YES;
				CLANG_WARN_COMMA = YES;
				CLANG_WARN_CONSTANT_CONVERSION = YES;
				CLANG_WARN_DEPRECATED_OBJC_IMPLEMENTATIONS = YES;
				CLANG_WARN_DIRECT_OBJC_ISA_USAGE = YES_ERROR;
				CLANG_WARN_DOCUMENTATION_COMMENTS = YES;
				CLANG_WARN_EMPTY_BODY = YES;
				CLANG_WARN_ENUM_CONVERSION = YES;
				CLANG_WARN_INFINITE_RECURSION = YES;
				CLANG_WARN_INT_CONVERSION = YES;
				CLANG_WARN_NON_LITERAL_NULL_CONVERSION = YES;
				CLANG_WARN_OBJC_IMPLICIT_RETAIN_SELF = YES;
				CLANG_WARN_OBJC_LITERAL_CONVERSION = YES;
				CLANG_WARN_OBJC_ROOT_CLASS = YES_ERROR;
				CLANG_WARN_QUOTED_INCLUDE_IN_FRAMEWORK_HEADER = YES;
				CLANG_WARN_RANGE_LOOP_ANALYSIS = YES;
				CLANG_WARN_STRICT_PROTOTYPES = YES;
				CLANG_WARN_SUSPICIOUS_MOVE = YES;
				CLANG_WARN_UNGUARDED_AVAILABILITY = YES_AGGRESSIVE;
				CLANG_WARN_UNREACHABLE_CODE = YES;
				CLANG_WARN__DUPLICATE_METHOD_MATCH = YES;
				COPY_PHASE_STRIP = NO;
				DEBUG_INFORMATION_FORMAT = "dwarf-with-dsym";
				ENABLE_NS_ASSERTIONS = NO;
				ENABLE_STRICT_OBJC_MSGSEND = YES;
				ENABLE_USER_SCRIPT_SANDBOXING = YES;
				GCC_C_LANGUAGE_STANDARD = gnu17;
				GCC_NO_COMMON_BLOCKS = YES;
				GCC_WARN_64_TO_32_BIT_CONVERSION = YES;
				GCC_WARN_ABOUT_RETURN_TYPE = YES_ERROR;
				GCC_WARN_UNDECLARED_SELECTOR = YES;
				GCC_WARN_UNINITIALIZED_AUTOS = YES_AGGRESSIVE;
				GCC_WARN_UNUSED_FUNCTION = YES;
				GCC_WARN_UNUSED_VARIABLE = YES;
				IPHONEOS_DEPLOYMENT_TARGET = 17.0;
				LOCALIZATION_PREFERS_STRING_CATALOGS = YES;
				MTL_ENABLE_DEBUG_INFO = NO;
				MTL_FAST_MATH = YES;
				SDKROOT = iphoneos;
				SWIFT_COMPILATION_MODE = wholemodule;
				VALIDATE_PRODUCT = YES;
			};
			name = Release;
		};
		D65FD70F2AE825B20089522C /* Debug */ = {
			isa = XCBuildConfiguration;
			buildSettings = {
				ASSETCATALOG_COMPILER_APPICON_NAME = AppIcon;
				ASSETCATALOG_COMPILER_GLOBAL_ACCENT_COLOR_NAME = AccentColor;
				CODE_SIGN_STYLE = Automatic;
				CURRENT_PROJECT_VERSION = 1;
				DEVELOPMENT_ASSET_PATHS = "\"CinenaSwiftui/Preview Content\"";
				ENABLE_PREVIEWS = YES;
				GENERATE_INFOPLIST_FILE = YES;
				INFOPLIST_KEY_UIApplicationSceneManifest_Generation = YES;
				INFOPLIST_KEY_UIApplicationSupportsIndirectInputEvents = YES;
				INFOPLIST_KEY_UILaunchScreen_Generation = YES;
				INFOPLIST_KEY_UISupportedInterfaceOrientations_iPad = "UIInterfaceOrientationPortrait UIInterfaceOrientationPortraitUpsideDown UIInterfaceOrientationLandscapeLeft UIInterfaceOrientationLandscapeRight";
				INFOPLIST_KEY_UISupportedInterfaceOrientations_iPhone = "UIInterfaceOrientationPortrait UIInterfaceOrientationLandscapeLeft UIInterfaceOrientationLandscapeRight";
				LD_RUNPATH_SEARCH_PATHS = (
					"$(inherited)",
					"@executable_path/Frameworks",
				);
				MARKETING_VERSION = 1.0;
				PRODUCT_BUNDLE_IDENTIFIER = GoncalvesHigino.CinenaSwiftui;
				PRODUCT_NAME = "$(TARGET_NAME)";
				SWIFT_EMIT_LOC_STRINGS = YES;
				SWIFT_VERSION = 5.0;
				TARGETED_DEVICE_FAMILY = "1,2";
			};
			name = Debug;
		};
		D65FD7102AE825B20089522C /* Release */ = {
			isa = XCBuildConfiguration;
			buildSettings = {
				ASSETCATALOG_COMPILER_APPICON_NAME = AppIcon;
				ASSETCATALOG_COMPILER_GLOBAL_ACCENT_COLOR_NAME = AccentColor;
				CODE_SIGN_STYLE = Automatic;
				CURRENT_PROJECT_VERSION = 1;
				DEVELOPMENT_ASSET_PATHS = "\"CinenaSwiftui/Preview Content\"";
				ENABLE_PREVIEWS = YES;
				GENERATE_INFOPLIST_FILE = YES;
				INFOPLIST_KEY_UIApplicationSceneManifest_Generation = YES;
				INFOPLIST_KEY_UIApplicationSupportsIndirectInputEvents = YES;
				INFOPLIST_KEY_UILaunchScreen_Generation = YES;
				INFOPLIST_KEY_UISupportedInterfaceOrientations_iPad = "UIInterfaceOrientationPortrait UIInterfaceOrientationPortraitUpsideDown UIInterfaceOrientationLandscapeLeft UIInterfaceOrientationLandscapeRight";
				INFOPLIST_KEY_UISupportedInterfaceOrientations_iPhone = "UIInterfaceOrientationPortrait UIInterfaceOrientationLandscapeLeft UIInterfaceOrientationLandscapeRight";
				LD_RUNPATH_SEARCH_PATHS = (
					"$(inherited)",
					"@executable_path/Frameworks",
				);
				MARKETING_VERSION = 1.0;
				PRODUCT_BUNDLE_IDENTIFIER = GoncalvesHigino.CinenaSwiftui;
				PRODUCT_NAME = "$(TARGET_NAME)";
				SWIFT_EMIT_LOC_STRINGS = YES;
				SWIFT_VERSION = 5.0;
				TARGETED_DEVICE_FAMILY = "1,2";
			};
			name = Release;
		};
/* End XCBuildConfiguration section */

/* Begin XCConfigurationList section */
		D65FD6FB2AE825B00089522C /* Build configuration list for PBXProject "CinenaSwiftui" */ = {
			isa = XCConfigurationList;
			buildConfigurations = (
				D65FD70C2AE825B20089522C /* Debug */,
				D65FD70D2AE825B20089522C /* Release */,
			);
			defaultConfigurationIsVisible = 0;
			defaultConfigurationName = Release;
		};
		D65FD70E2AE825B20089522C /* Build configuration list for PBXNativeTarget "CinenaSwiftui" */ = {
			isa = XCConfigurationList;
			buildConfigurations = (
				D65FD70F2AE825B20089522C /* Debug */,
				D65FD7102AE825B20089522C /* Release */,
			);
			defaultConfigurationIsVisible = 0;
			defaultConfigurationName = Release;
		};
/* End XCConfigurationList section */
	};
	rootObject = D65FD6F82AE825B00089522C /* Project object */;
}
